
Microsoft Visual Studio Solution File, Format Version 12.00
# Visual Studio Version 17
VisualStudioVersion = 17.4.33205.214
MinimumVisualStudioVersion = 10.0.40219.1
Project("{FAE04EC0-301F-11D3-BF4B-00C04F79EFBC}") = "Rieltor", "Rieltor\Rieltor.csproj", "{687A6C61-E8AA-43DB-ABF7-2E12D238C43B}"
EndProject
Global
	GlobalSection(SolutionConfigurationPlatforms) = preSolution
		Debug|Any CPU = Debug|Any CPU
		Release|Any CPU = Release|Any CPU
	EndGlobalSection
	GlobalSection(ProjectConfigurationPlatforms) = postSolution
		{687A6C61-E8AA-43DB-ABF7-2E12D238C43B}.Debug|Any CPU.ActiveCfg = Debug|Any CPU
		{687A6C61-E8AA-43DB-ABF7-2E12D238C43B}.Debug|Any CPU.Build.0 = Debug|Any CPU
		{687A6C61-E8AA-43DB-ABF7-2E12D238C43B}.Release|Any CPU.ActiveCfg = Release|Any CPU
		{687A6C61-E8AA-43DB-ABF7-2E12D238C43B}.Release|Any CPU.Build.0 = Release|Any CPU
	EndGlobalSection
	GlobalSection(SolutionProperties) = preSolution
		HideSolutionNode = FALSE
	EndGlobalSection
	GlobalSection(ExtensibilityGlobals) = postSolution
		SolutionGuid = {E48B957E-69FE-4168-B9A9-BE60674225C6}
	EndGlobalSection
EndGlobal
